
Microsoft Visual Studio Solution File, Format Version 12.00
# Visual Studio Version 17
VisualStudioVersion = 17.8.34525.116
MinimumVisualStudioVersion = 10.0.40219.1
Project("{FAE04EC0-301F-11D3-BF4B-00C04F79EFBC}") = "ovning 3.3", "ovning 3.3\ovning 3.3.csproj", "{E69ACEAA-D024-4C4E-A61E-6672ABD44019}"
EndProject
Global
	GlobalSection(SolutionConfigurationPlatforms) = preSolution
		Debug|Any CPU = Debug|Any CPU
		Release|Any CPU = Release|Any CPU
	EndGlobalSection
	GlobalSection(ProjectConfigurationPlatforms) = postSolution
		{E69ACEAA-D024-4C4E-A61E-6672ABD44019}.Debug|Any CPU.ActiveCfg = Debug|Any CPU
		{E69ACEAA-D024-4C4E-A61E-6672ABD44019}.Debug|Any CPU.Build.0 = Debug|Any CPU
		{E69ACEAA-D024-4C4E-A61E-6672ABD44019}.Release|Any CPU.ActiveCfg = Release|Any CPU
		{E69ACEAA-D024-4C4E-A61E-6672ABD44019}.Release|Any CPU.Build.0 = Release|Any CPU
	EndGlobalSection
	GlobalSection(SolutionProperties) = preSolution
		HideSolutionNode = FALSE
	EndGlobalSection
	GlobalSection(ExtensibilityGlobals) = postSolution
		SolutionGuid = {DC02A0E1-BF79-437F-A7B4-B5F084FCCA42}
	EndGlobalSection
EndGlobal
